
Microsoft Visual Studio Solution File, Format Version 12.00
# Visual Studio Version 16
VisualStudioVersion = 16.0.31005.135
MinimumVisualStudioVersion = 10.0.40219.1
Project("{FAE04EC0-301F-11D3-BF4B-00C04F79EFBC}") = "Building.API", "Building.API\Building.API.csproj", "{D6FEED67-9CB4-4E39-9B57-64D7F95BD04E}"
EndProject
Project("{FAE04EC0-301F-11D3-BF4B-00C04F79EFBC}") = "Building.DAL", "Building.DAL\Building.DAL.csproj", "{D81E888A-68BD-4BFC-A845-04D3128DCD73}"
EndProject
Project("{FAE04EC0-301F-11D3-BF4B-00C04F79EFBC}") = "Building.BLL", "Building.BLL\Building.BLL.csproj", "{0C774D22-13D1-4D1F-8F1B-E64E902947B2}"
EndProject
Project("{FAE04EC0-301F-11D3-BF4B-00C04F79EFBC}") = "Building.Domain", "Building.Domain\Building.Domain.csproj", "{EB82288D-E0F4-4DFE-A98E-98F50311E327}"
EndProject
Global
	GlobalSection(SolutionConfigurationPlatforms) = preSolution
		Debug|Any CPU = Debug|Any CPU
		Release|Any CPU = Release|Any CPU
	EndGlobalSection
	GlobalSection(ProjectConfigurationPlatforms) = postSolution
		{D6FEED67-9CB4-4E39-9B57-64D7F95BD04E}.Debug|Any CPU.ActiveCfg = Debug|Any CPU
		{D6FEED67-9CB4-4E39-9B57-64D7F95BD04E}.Debug|Any CPU.Build.0 = Debug|Any CPU
		{D6FEED67-9CB4-4E39-9B57-64D7F95BD04E}.Release|Any CPU.ActiveCfg = Release|Any CPU
		{D6FEED67-9CB4-4E39-9B57-64D7F95BD04E}.Release|Any CPU.Build.0 = Release|Any CPU
		{D81E888A-68BD-4BFC-A845-04D3128DCD73}.Debug|Any CPU.ActiveCfg = Debug|Any CPU
		{D81E888A-68BD-4BFC-A845-04D3128DCD73}.Debug|Any CPU.Build.0 = Debug|Any CPU
		{D81E888A-68BD-4BFC-A845-04D3128DCD73}.Release|Any CPU.ActiveCfg = Release|Any CPU
		{D81E888A-68BD-4BFC-A845-04D3128DCD73}.Release|Any CPU.Build.0 = Release|Any CPU
		{0C774D22-13D1-4D1F-8F1B-E64E902947B2}.Debug|Any CPU.ActiveCfg = Debug|Any CPU
		{0C774D22-13D1-4D1F-8F1B-E64E902947B2}.Debug|Any CPU.Build.0 = Debug|Any CPU
		{0C774D22-13D1-4D1F-8F1B-E64E902947B2}.Release|Any CPU.ActiveCfg = Release|Any CPU
		{0C774D22-13D1-4D1F-8F1B-E64E902947B2}.Release|Any CPU.Build.0 = Release|Any CPU
		{EB82288D-E0F4-4DFE-A98E-98F50311E327}.Debug|Any CPU.ActiveCfg = Debug|Any CPU
		{EB82288D-E0F4-4DFE-A98E-98F50311E327}.Debug|Any CPU.Build.0 = Debug|Any CPU
		{EB82288D-E0F4-4DFE-A98E-98F50311E327}.Release|Any CPU.ActiveCfg = Release|Any CPU
		{EB82288D-E0F4-4DFE-A98E-98F50311E327}.Release|Any CPU.Build.0 = Release|Any CPU
	EndGlobalSection
	GlobalSection(SolutionProperties) = preSolution
		HideSolutionNode = FALSE
	EndGlobalSection
	GlobalSection(ExtensibilityGlobals) = postSolution
		SolutionGuid = {2769174E-7096-473A-94C6-B04C70F1718D}
	EndGlobalSection
EndGlobal
